
Microsoft Visual Studio Solution File, Format Version 12.00
# Visual Studio 15
VisualStudioVersion = 15.0.28307.168
MinimumVisualStudioVersion = 10.0.40219.1
Project("{FAE04EC0-301F-11D3-BF4B-00C04F79EFBC}") = "AdmnistracijaApi", "AdmnistracijaApi\AdmnistracijaApi.csproj", "{4D862FF0-9FD4-44DA-9BAE-3F2E64C42BDC}"
EndProject
Project("{FAE04EC0-301F-11D3-BF4B-00C04F79EFBC}") = "Administracija.DAL", "Administracija.DAL\Administracija.DAL.csproj", "{C11B3383-1F75-42A7-B2F3-929EDE247C6E}"
EndProject
Project("{FAE04EC0-301F-11D3-BF4B-00C04F79EFBC}") = "Administracija.Contracts", "Administracija.Contracts\Administracija.Contracts.csproj", "{55C81F41-43CA-44E8-96E4-D2055178FE87}"
EndProject
Project("{FAE04EC0-301F-11D3-BF4B-00C04F79EFBC}") = "Administracija.Entities", "Administracija.Entities\Administracija.Entities.csproj", "{EB0B7AEA-1973-4CE1-B4C2-A732D4653939}"
EndProject
Global
	GlobalSection(SolutionConfigurationPlatforms) = preSolution
		Debug|Any CPU = Debug|Any CPU
		Release|Any CPU = Release|Any CPU
	EndGlobalSection
	GlobalSection(ProjectConfigurationPlatforms) = postSolution
		{4D862FF0-9FD4-44DA-9BAE-3F2E64C42BDC}.Debug|Any CPU.ActiveCfg = Debug|Any CPU
		{4D862FF0-9FD4-44DA-9BAE-3F2E64C42BDC}.Debug|Any CPU.Build.0 = Debug|Any CPU
		{4D862FF0-9FD4-44DA-9BAE-3F2E64C42BDC}.Release|Any CPU.ActiveCfg = Release|Any CPU
		{4D862FF0-9FD4-44DA-9BAE-3F2E64C42BDC}.Release|Any CPU.Build.0 = Release|Any CPU
		{C11B3383-1F75-42A7-B2F3-929EDE247C6E}.Debug|Any CPU.ActiveCfg = Debug|Any CPU
		{C11B3383-1F75-42A7-B2F3-929EDE247C6E}.Debug|Any CPU.Build.0 = Debug|Any CPU
		{C11B3383-1F75-42A7-B2F3-929EDE247C6E}.Release|Any CPU.ActiveCfg = Release|Any CPU
		{C11B3383-1F75-42A7-B2F3-929EDE247C6E}.Release|Any CPU.Build.0 = Release|Any CPU
		{55C81F41-43CA-44E8-96E4-D2055178FE87}.Debug|Any CPU.ActiveCfg = Debug|Any CPU
		{55C81F41-43CA-44E8-96E4-D2055178FE87}.Debug|Any CPU.Build.0 = Debug|Any CPU
		{55C81F41-43CA-44E8-96E4-D2055178FE87}.Release|Any CPU.ActiveCfg = Release|Any CPU
		{55C81F41-43CA-44E8-96E4-D2055178FE87}.Release|Any CPU.Build.0 = Release|Any CPU
		{EB0B7AEA-1973-4CE1-B4C2-A732D4653939}.Debug|Any CPU.ActiveCfg = Debug|Any CPU
		{EB0B7AEA-1973-4CE1-B4C2-A732D4653939}.Debug|Any CPU.Build.0 = Debug|Any CPU
		{EB0B7AEA-1973-4CE1-B4C2-A732D4653939}.Release|Any CPU.ActiveCfg = Release|Any CPU
		{EB0B7AEA-1973-4CE1-B4C2-A732D4653939}.Release|Any CPU.Build.0 = Release|Any CPU
	EndGlobalSection
	GlobalSection(SolutionProperties) = preSolution
		HideSolutionNode = FALSE
	EndGlobalSection
	GlobalSection(ExtensibilityGlobals) = postSolution
		SolutionGuid = {55416273-507F-4E88-981A-C2ABEFFA43AD}
	EndGlobalSection
EndGlobal
